
Microsoft Visual Studio Solution File, Format Version 12.00
# Visual Studio Version 16
VisualStudioVersion = 16.0.29001.49
MinimumVisualStudioVersion = 10.0.40219.1
Project("{FAE04EC0-301F-11D3-BF4B-00C04F79EFBC}") = "FakeProvider", "FakeProvider\FakeProvider.csproj", "{DB0D0CE0-9E61-4B25-A656-5EAAAA494BEF}"
EndProject
Global
	GlobalSection(SolutionConfigurationPlatforms) = preSolution
		Debug|Any CPU = Debug|Any CPU
		Release|Any CPU = Release|Any CPU
	EndGlobalSection
	GlobalSection(ProjectConfigurationPlatforms) = postSolution
		{DB0D0CE0-9E61-4B25-A656-5EAAAA494BEF}.Debug|Any CPU.ActiveCfg = Debug|Any CPU
		{DB0D0CE0-9E61-4B25-A656-5EAAAA494BEF}.Debug|Any CPU.Build.0 = Debug|Any CPU
		{DB0D0CE0-9E61-4B25-A656-5EAAAA494BEF}.Release|Any CPU.ActiveCfg = Release|Any CPU
		{DB0D0CE0-9E61-4B25-A656-5EAAAA494BEF}.Release|Any CPU.Build.0 = Release|Any CPU
	EndGlobalSection
	GlobalSection(SolutionProperties) = preSolution
		HideSolutionNode = FALSE
	EndGlobalSection
	GlobalSection(ExtensibilityGlobals) = postSolution
		SolutionGuid = {BA2D38C0-6A10-49E0-A07D-722C4A1C7DE4}
	EndGlobalSection
EndGlobal
